
Microsoft Visual Studio Solution File, Format Version 12.00
# Visual Studio 15
VisualStudioVersion = 15.0.27205.0
MinimumVisualStudioVersion = 10.0.40219.1
Project("{2150E333-8FDC-42A3-9474-1A3956D46DE8}") = "src", "src", "{3D534DD7-7F6F-45D7-A62B-3E7DCF9FAB8F}"
EndProject
Project("{2150E333-8FDC-42A3-9474-1A3956D46DE8}") = "Solution Items", "Solution Items", "{162FF4CF-3941-40FD-B8EF-F0DF1FA84C6C}"
	ProjectSection(SolutionItems) = preProject
		.gitignore = .gitignore
		NuGet.config = NuGet.config
	EndProjectSection
EndProject
Project("{2150E333-8FDC-42A3-9474-1A3956D46DE8}") = "Hubbup-data", "Hubbup-data", "{67F62450-68DD-4C10-B218-91A5956BF395}"
	ProjectSection(SolutionItems) = preProject
		..\Hubbup-data\personSets.json = ..\Hubbup-data\personSets.json
		..\Hubbup-data\repoSets.json = ..\Hubbup-data\repoSets.json
	EndProjectSection
EndProject
Project("{9A19103F-16F7-4668-BE54-9A1E7A4F7556}") = "Hubbup.Web", "src\Hubbup.Web\Hubbup.Web.csproj", "{B5BA0A3B-2E78-4B7D-BDF3-29969F700281}"
EndProject
Project("{9A19103F-16F7-4668-BE54-9A1E7A4F7556}") = "Hubbup.Web.Diagnostics", "src\Hubbup.Web.Diagnostics\Hubbup.Web.Diagnostics.csproj", "{D704BDF1-18AD-47EB-A468-199FC413D0BC}"
EndProject
Project("{9A19103F-16F7-4668-BE54-9A1E7A4F7556}") = "Hubbup.IssueMoverClient", "src\Hubbup.IssueMoverClient\Hubbup.IssueMoverClient.csproj", "{51E350EA-B188-4101-AE05-A393A29775D8}"
EndProject
Project("{FAE04EC0-301F-11D3-BF4B-00C04F79EFBC}") = "IssueMoverDto", "src\IssueMoverDto\IssueMoverDto.csproj", "{1102D67B-4B38-4D78-8CDA-467AE0E5852E}"
EndProject
Global
	GlobalSection(SolutionConfigurationPlatforms) = preSolution
		Debug|Any CPU = Debug|Any CPU
		Release|Any CPU = Release|Any CPU
	EndGlobalSection
	GlobalSection(ProjectConfigurationPlatforms) = postSolution
		{B5BA0A3B-2E78-4B7D-BDF3-29969F700281}.Debug|Any CPU.ActiveCfg = Debug|Any CPU
		{B5BA0A3B-2E78-4B7D-BDF3-29969F700281}.Debug|Any CPU.Build.0 = Debug|Any CPU
		{B5BA0A3B-2E78-4B7D-BDF3-29969F700281}.Release|Any CPU.ActiveCfg = Release|Any CPU
		{B5BA0A3B-2E78-4B7D-BDF3-29969F700281}.Release|Any CPU.Build.0 = Release|Any CPU
		{D704BDF1-18AD-47EB-A468-199FC413D0BC}.Debug|Any CPU.ActiveCfg = Debug|Any CPU
		{D704BDF1-18AD-47EB-A468-199FC413D0BC}.Debug|Any CPU.Build.0 = Debug|Any CPU
		{D704BDF1-18AD-47EB-A468-199FC413D0BC}.Release|Any CPU.ActiveCfg = Release|Any CPU
		{D704BDF1-18AD-47EB-A468-199FC413D0BC}.Release|Any CPU.Build.0 = Release|Any CPU
		{51E350EA-B188-4101-AE05-A393A29775D8}.Debug|Any CPU.ActiveCfg = Debug|Any CPU
		{51E350EA-B188-4101-AE05-A393A29775D8}.Debug|Any CPU.Build.0 = Debug|Any CPU
		{51E350EA-B188-4101-AE05-A393A29775D8}.Release|Any CPU.ActiveCfg = Release|Any CPU
		{51E350EA-B188-4101-AE05-A393A29775D8}.Release|Any CPU.Build.0 = Release|Any CPU
		{1102D67B-4B38-4D78-8CDA-467AE0E5852E}.Debug|Any CPU.ActiveCfg = Debug|Any CPU
		{1102D67B-4B38-4D78-8CDA-467AE0E5852E}.Debug|Any CPU.Build.0 = Debug|Any CPU
		{1102D67B-4B38-4D78-8CDA-467AE0E5852E}.Release|Any CPU.ActiveCfg = Release|Any CPU
		{1102D67B-4B38-4D78-8CDA-467AE0E5852E}.Release|Any CPU.Build.0 = Release|Any CPU
	EndGlobalSection
	GlobalSection(SolutionProperties) = preSolution
		HideSolutionNode = FALSE
	EndGlobalSection
	GlobalSection(NestedProjects) = preSolution
		{B5BA0A3B-2E78-4B7D-BDF3-29969F700281} = {3D534DD7-7F6F-45D7-A62B-3E7DCF9FAB8F}
		{D704BDF1-18AD-47EB-A468-199FC413D0BC} = {3D534DD7-7F6F-45D7-A62B-3E7DCF9FAB8F}
		{51E350EA-B188-4101-AE05-A393A29775D8} = {3D534DD7-7F6F-45D7-A62B-3E7DCF9FAB8F}
		{1102D67B-4B38-4D78-8CDA-467AE0E5852E} = {3D534DD7-7F6F-45D7-A62B-3E7DCF9FAB8F}
	EndGlobalSection
	GlobalSection(ExtensibilityGlobals) = postSolution
		SolutionGuid = {60D53155-0C10-41E9-B797-FC68F4EDFF8A}
	EndGlobalSection
EndGlobal
