
Microsoft Visual Studio Solution File, Format Version 12.00
# Visual Studio 15
VisualStudioVersion = 15.0.26526.1
MinimumVisualStudioVersion = 10.0.40219.1
Project("{2150E333-8FDC-42A3-9474-1A3956D46DE8}") = "src", "src", "{3D534DD7-7F6F-45D7-A62B-3E7DCF9FAB8F}"
EndProject
Project("{2150E333-8FDC-42A3-9474-1A3956D46DE8}") = "Solution Items", "Solution Items", "{162FF4CF-3941-40FD-B8EF-F0DF1FA84C6C}"
	ProjectSection(SolutionItems) = preProject
		NuGet.config = NuGet.config
	EndProjectSection
EndProject
Project("{2150E333-8FDC-42A3-9474-1A3956D46DE8}") = "Hubbup-data", "Hubbup-data", "{67F62450-68DD-4C10-B218-91A5956BF395}"
	ProjectSection(SolutionItems) = preProject
		..\Hubbup-data\hubbup-data.json = ..\Hubbup-data\hubbup-data.json
	EndProjectSection
EndProject
Project("{9A19103F-16F7-4668-BE54-9A1E7A4F7556}") = "Hubbup.Web", "src\Hubbup.Web\Hubbup.Web.csproj", "{B5BA0A3B-2E78-4B7D-BDF3-29969F700281}"
EndProject
Global
	GlobalSection(SolutionConfigurationPlatforms) = preSolution
		Debug|Any CPU = Debug|Any CPU
		Release|Any CPU = Release|Any CPU
	EndGlobalSection
	GlobalSection(ProjectConfigurationPlatforms) = postSolution
		{B5BA0A3B-2E78-4B7D-BDF3-29969F700281}.Debug|Any CPU.ActiveCfg = Debug|Any CPU
		{B5BA0A3B-2E78-4B7D-BDF3-29969F700281}.Debug|Any CPU.Build.0 = Debug|Any CPU
		{B5BA0A3B-2E78-4B7D-BDF3-29969F700281}.Release|Any CPU.ActiveCfg = Release|Any CPU
		{B5BA0A3B-2E78-4B7D-BDF3-29969F700281}.Release|Any CPU.Build.0 = Release|Any CPU
	EndGlobalSection
	GlobalSection(SolutionProperties) = preSolution
		HideSolutionNode = FALSE
	EndGlobalSection
	GlobalSection(NestedProjects) = preSolution
		{B5BA0A3B-2E78-4B7D-BDF3-29969F700281} = {3D534DD7-7F6F-45D7-A62B-3E7DCF9FAB8F}
	EndGlobalSection
EndGlobal
